# THIS IS AN AUTOGENERATED FILE. DO NOT EDIT THIS FILE DIRECTLY.
# yarn lockfile v1


"@prisma/client@^2.30.0":
  version "2.30.0"
  resolved "https://registry.yarnpkg.com/@prisma/client/-/client-2.30.0.tgz#b0ed9db67405f619e428577f2d45843104142e00"
  integrity sha512-tjJNHVfgyNOwS2F+AkjMMCJGPnXzHuUCrOnAMJyidAu4aNzxbJ8jWwjt96rRMpyrg9Hwen3xqqQ2oA+ikK7nhQ==
  dependencies:
    "@prisma/engines-version" "2.30.0-28.60b19f4a1de4fe95741da371b4c44a92f4d1adcb"

"@prisma/engines-version@2.30.0-28.60b19f4a1de4fe95741da371b4c44a92f4d1adcb":
  version "2.30.0-28.60b19f4a1de4fe95741da371b4c44a92f4d1adcb"
  resolved "https://registry.yarnpkg.com/@prisma/engines-version/-/engines-version-2.30.0-28.60b19f4a1de4fe95741da371b4c44a92f4d1adcb.tgz#1360113dc19e1d43d4442e3b638ccfa0e1711943"
  integrity sha512-oThNpx7HtJ0eEmnvrWARYcNCs6dqFdAK3Smt2bJVDD6Go4HLuuhjx028osP+rHaFrGOTx7OslLZYtvvFlAXRDA==

"@prisma/engines@2.30.0-28.60b19f4a1de4fe95741da371b4c44a92f4d1adcb":
  version "2.30.0-28.60b19f4a1de4fe95741da371b4c44a92f4d1adcb"
  resolved "https://registry.yarnpkg.com/@prisma/engines/-/engines-2.30.0-28.60b19f4a1de4fe95741da371b4c44a92f4d1adcb.tgz#b4d91ff876662b1de83e0cc913149a1c088becc7"
  integrity sha512-LPKq88lIbYezvX0OOc1PU42hHdTsSMPJWmK8lusaHK7DaLHyXjDp/551LbsVapypbjW6N3Jx/If6GoMDASSMSw==

prisma@2.30.0:
  version "2.30.0"
  resolved "https://registry.yarnpkg.com/prisma/-/prisma-2.30.0.tgz#5b12091c480d538540b898d364b73651d44b4a01"
  integrity sha512-2XYpSibcVpMd1JDxYypGDU/JKq0W2f/HI1itdddr4Pfg+q6qxt/ItWKcftv4/lqN6u/BVlQ2gDzXVEjpHeO5kQ==
  dependencies:
    "@prisma/engines" "2.30.0-28.60b19f4a1de4fe95741da371b4c44a92f4d1adcb"
